
Microsoft Visual Studio Solution File, Format Version 12.00
# Visual Studio Version 16
VisualStudioVersion = 16.0.30611.23
MinimumVisualStudioVersion = 10.0.40219.1
Project("{FAE04EC0-301F-11D3-BF4B-00C04F79EFBC}") = "Find_Cost_of_Tile to Cover W x H Floor", "Find_Cost_of_Tile to Cover W x H Floor\Find_Cost_of_Tile to Cover W x H Floor.csproj", "{0F94A274-0218-459E-9C42-EB8E6639F8A8}"
EndProject
Global
	GlobalSection(SolutionConfigurationPlatforms) = preSolution
		Debug|Any CPU = Debug|Any CPU
		Release|Any CPU = Release|Any CPU
	EndGlobalSection
	GlobalSection(ProjectConfigurationPlatforms) = postSolution
		{0F94A274-0218-459E-9C42-EB8E6639F8A8}.Debug|Any CPU.ActiveCfg = Debug|Any CPU
		{0F94A274-0218-459E-9C42-EB8E6639F8A8}.Debug|Any CPU.Build.0 = Debug|Any CPU
		{0F94A274-0218-459E-9C42-EB8E6639F8A8}.Release|Any CPU.ActiveCfg = Release|Any CPU
		{0F94A274-0218-459E-9C42-EB8E6639F8A8}.Release|Any CPU.Build.0 = Release|Any CPU
	EndGlobalSection
	GlobalSection(SolutionProperties) = preSolution
		HideSolutionNode = FALSE
	EndGlobalSection
	GlobalSection(ExtensibilityGlobals) = postSolution
		SolutionGuid = {AD41EB39-46FA-4506-949E-280FD7DB5780}
	EndGlobalSection
EndGlobal
